// !$*UTF8*$!
{
	archiveVersion = 1;
	classes = {
	};
	objectVersion = 56;
	objects = {

/* Begin PBXBuildFile section */
		9AFE7A7B2EE93D6D0049CB65 /* TAC342_FinalProjectApp.swift in Sources */ = {isa = PBXBuildFile; fileRef = 9AFE7A7A2EE93D6D0049CB65 /* TAC342_FinalProjectApp.swift */; };
		9AFE7A8C2EE93D6F0049CB65 /* TAC342_FinalProjectTests.swift in Sources */ = {isa = PBXBuildFile; fileRef = 9AFE7A8B2EE93D6F0049CB65 /* TAC342_FinalProjectTests.swift */; };
		9AFE7A962EE93D6F0049CB65 /* TAC342_FinalProjectUITests.swift in Sources */ = {isa = PBXBuildFile; fileRef = 9AFE7A952EE93D6F0049CB65 /* TAC342_FinalProjectUITests.swift */; };
		9AFE7A982EE93D6F0049CB65 /* TAC342_FinalProjectUITestsLaunchTests.swift in Sources */ = {isa = PBXBuildFile; fileRef = 9AFE7A972EE93D6F0049CB65 /* TAC342_FinalProjectUITestsLaunchTests.swift */; };
		9AFE7AAD2EE946D40049CB65 /* Secrets.plist in Resources */ = {isa = PBXBuildFile; fileRef = 9AFE7AA52EE946D40049CB65 /* Secrets.plist */; };
		9AFE7AB12EE946D40049CB65 /* Assets.xcassets in Resources */ = {isa = PBXBuildFile; fileRef = 9AFE7AA92EE946D40049CB65 /* Assets.xcassets */; };
		9AFE7AB92EE949050049CB65 /* GoogleService-Info.plist in Resources */ = {isa = PBXBuildFile; fileRef = 9AFE7AB82EE949050049CB65 /* GoogleService-Info.plist */; };
		9AFE7ABD2EE94B9C0049CB65 /* FirebaseAuth in Frameworks */ = {isa = PBXBuildFile; productRef = 9AFE7ABC2EE94B9C0049CB65 /* FirebaseAuth */; };
		9AFE7ABF2EE94B9C0049CB65 /* FirebaseDatabase in Frameworks */ = {isa = PBXBuildFile; productRef = 9AFE7ABE2EE94B9C0049CB65 /* FirebaseDatabase */; };
		9AFE7AC12EE94B9C0049CB65 /* FirebaseFirestore in Frameworks */ = {isa = PBXBuildFile; productRef = 9AFE7AC02EE94B9C0049CB65 /* FirebaseFirestore */; };
		9AFE7B422EE9513B0049CB65 /* TaskListViewModel.swift in Sources */ = {isa = PBXBuildFile; fileRef = 9AFE7B262EE9513B0049CB65 /* TaskListViewModel.swift */; };
		9AFE7B432EE9513B0049CB65 /* HomeViewModel.swift in Sources */ = {isa = PBXBuildFile; fileRef = 9AFE7B272EE9513B0049CB65 /* HomeViewModel.swift */; };
		9AFE7B442EE9513B0049CB65 /* TaskDetailViewModel.swift in Sources */ = {isa = PBXBuildFile; fileRef = 9AFE7B282EE9513B0049CB65 /* TaskDetailViewModel.swift */; };
		9AFE7B452EE9513B0049CB65 /* AuthViewModel.swift in Sources */ = {isa = PBXBuildFile; fileRef = 9AFE7B292EE9513B0049CB65 /* AuthViewModel.swift */; };
		9AFE7B462EE9513B0049CB65 /* AppSessionViewModel.swift in Sources */ = {isa = PBXBuildFile; fileRef = 9AFE7B2A2EE9513B0049CB65 /* AppSessionViewModel.swift */; };
		9AFE7B472EE9513B0049CB65 /* VoiceInputViewModel.swift in Sources */ = {isa = PBXBuildFile; fileRef = 9AFE7B2B2EE9513B0049CB65 /* VoiceInputViewModel.swift */; };
		9AFE7B482EE9513B0049CB65 /* UserSettings.swift in Sources */ = {isa = PBXBuildFile; fileRef = 9AFE7B2D2EE9513B0049CB65 /* UserSettings.swift */; };
		9AFE7B492EE9513B0049CB65 /* ParsedTask.swift in Sources */ = {isa = PBXBuildFile; fileRef = 9AFE7B2E2EE9513B0049CB65 /* ParsedTask.swift */; };
		9AFE7B4A2EE9513B0049CB65 /* Task.swift in Sources */ = {isa = PBXBuildFile; fileRef = 9AFE7B2F2EE9513B0049CB65 /* Task.swift */; };
		9AFE7B4B2EE9513B0049CB65 /* MainTabView.swift in Sources */ = {isa = PBXBuildFile; fileRef = 9AFE7B312EE9513B0049CB65 /* MainTabView.swift */; };
		9AFE7B4C2EE9513B0049CB65 /* TaskListView.swift in Sources */ = {isa = PBXBuildFile; fileRef = 9AFE7B322EE9513B0049CB65 /* TaskListView.swift */; };
		9AFE7B4D2EE9513B0049CB65 /* SettingsView.swift in Sources */ = {isa = PBXBuildFile; fileRef = 9AFE7B332EE9513B0049CB65 /* SettingsView.swift */; };
		9AFE7B4E2EE9513B0049CB65 /* AuthRootView.swift in Sources */ = {isa = PBXBuildFile; fileRef = 9AFE7B342EE9513B0049CB65 /* AuthRootView.swift */; };
		9AFE7B4F2EE9513B0049CB65 /* LoginView.swift in Sources */ = {isa = PBXBuildFile; fileRef = 9AFE7B352EE9513B0049CB65 /* LoginView.swift */; };
		9AFE7B502EE9513B0049CB65 /* HomeView.swift in Sources */ = {isa = PBXBuildFile; fileRef = 9AFE7B362EE9513B0049CB65 /* HomeView.swift */; };
		9AFE7B512EE9513B0049CB65 /* VoiceCaptureView.swift in Sources */ = {isa = PBXBuildFile; fileRef = 9AFE7B372EE9513B0049CB65 /* VoiceCaptureView.swift */; };
		9AFE7B522EE9513B0049CB65 /* TaskDetailView.swift in Sources */ = {isa = PBXBuildFile; fileRef = 9AFE7B382EE9513B0049CB65 /* TaskDetailView.swift */; };
		9AFE7B532EE9513B0049CB65 /* RegisterView.swift in Sources */ = {isa = PBXBuildFile; fileRef = 9AFE7B392EE9513B0049CB65 /* RegisterView.swift */; };
		9AFE7B542EE9513B0049CB65 /* EventEditViewControllerRepresentable.swift in Sources */ = {isa = PBXBuildFile; fileRef = 9AFE7B3B2EE9513B0049CB65 /* EventEditViewControllerRepresentable.swift */; };
		9AFE7B552EE9513B0049CB65 /* TaskRepository.swift in Sources */ = {isa = PBXBuildFile; fileRef = 9AFE7B3D2EE9513B0049CB65 /* TaskRepository.swift */; };
		9AFE7B562EE9513B0049CB65 /* OpenAIService.swift in Sources */ = {isa = PBXBuildFile; fileRef = 9AFE7B3E2EE9513B0049CB65 /* OpenAIService.swift */; };
		9AFE7B572EE9513B0049CB65 /* FirebaseAuthService.swift in Sources */ = {isa = PBXBuildFile; fileRef = 9AFE7B3F2EE9513B0049CB65 /* FirebaseAuthService.swift */; };
		9AFE7B582EE9513B0049CB65 /* EventKitService.swift in Sources */ = {isa = PBXBuildFile; fileRef = 9AFE7B402EE9513B0049CB65 /* EventKitService.swift */; };
		9AFE7B592EE9513B0049CB65 /* SpeechService.swift in Sources */ = {isa = PBXBuildFile; fileRef = 9AFE7B412EE9513B0049CB65 /* SpeechService.swift */; };
		9AFE7B5C2EE952240049CB65 /* OpenAIConfig.swift in Sources */ = {isa = PBXBuildFile; fileRef = 9AFE7B5B2EE952240049CB65 /* OpenAIConfig.swift */; };
/* End PBXBuildFile section */

/* Begin PBXContainerItemProxy section */
		9AFE7A882EE93D6F0049CB65 /* PBXContainerItemProxy */ = {
			isa = PBXContainerItemProxy;
			containerPortal = 9AFE7A6F2EE93D6D0049CB65 /* Project object */;
			proxyType = 1;
			remoteGlobalIDString = 9AFE7A762EE93D6D0049CB65;
			remoteInfo = TAC342_FinalProject;
		};
		9AFE7A922EE93D6F0049CB65 /* PBXContainerItemProxy */ = {
			isa = PBXContainerItemProxy;
			containerPortal = 9AFE7A6F2EE93D6D0049CB65 /* Project object */;
			proxyType = 1;
			remoteGlobalIDString = 9AFE7A762EE93D6D0049CB65;
			remoteInfo = TAC342_FinalProject;
		};
/* End PBXContainerItemProxy section */

/* Begin PBXFileReference section */
		9AFE7A772EE93D6D0049CB65 /* TAC342_FinalProject.app */ = {isa = PBXFileReference; explicitFileType = wrapper.application; includeInIndex = 0; path = TAC342_FinalProject.app; sourceTree = BUILT_PRODUCTS_DIR; };
		9AFE7A7A2EE93D6D0049CB65 /* TAC342_FinalProjectApp.swift */ = {isa = PBXFileReference; lastKnownFileType = sourcecode.swift; path = TAC342_FinalProjectApp.swift; sourceTree = "<group>"; };
		9AFE7A872EE93D6F0049CB65 /* TAC342_FinalProjectTests.xctest */ = {isa = PBXFileReference; explicitFileType = wrapper.cfbundle; includeInIndex = 0; path = TAC342_FinalProjectTests.xctest; sourceTree = BUILT_PRODUCTS_DIR; };
		9AFE7A8B2EE93D6F0049CB65 /* TAC342_FinalProjectTests.swift */ = {isa = PBXFileReference; lastKnownFileType = sourcecode.swift; path = TAC342_FinalProjectTests.swift; sourceTree = "<group>"; };
		9AFE7A912EE93D6F0049CB65 /* TAC342_FinalProjectUITests.xctest */ = {isa = PBXFileReference; explicitFileType = wrapper.cfbundle; includeInIndex = 0; path = TAC342_FinalProjectUITests.xctest; sourceTree = BUILT_PRODUCTS_DIR; };
		9AFE7A952EE93D6F0049CB65 /* TAC342_FinalProjectUITests.swift */ = {isa = PBXFileReference; lastKnownFileType = sourcecode.swift; path = TAC342_FinalProjectUITests.swift; sourceTree = "<group>"; };
		9AFE7A972EE93D6F0049CB65 /* TAC342_FinalProjectUITestsLaunchTests.swift */ = {isa = PBXFileReference; lastKnownFileType = sourcecode.swift; path = TAC342_FinalProjectUITestsLaunchTests.swift; sourceTree = "<group>"; };
		9AFE7AA52EE946D40049CB65 /* Secrets.plist */ = {isa = PBXFileReference; fileEncoding = 4; lastKnownFileType = text.plist.xml; path = Secrets.plist; sourceTree = "<group>"; };
		9AFE7AA92EE946D40049CB65 /* Assets.xcassets */ = {isa = PBXFileReference; lastKnownFileType = folder.assetcatalog; path = Assets.xcassets; sourceTree = "<group>"; };
		9AFE7AB82EE949050049CB65 /* GoogleService-Info.plist */ = {isa = PBXFileReference; fileEncoding = 4; lastKnownFileType = text.plist.xml; path = "GoogleService-Info.plist"; sourceTree = "<group>"; };
		9AFE7B262EE9513B0049CB65 /* TaskListViewModel.swift */ = {isa = PBXFileReference; fileEncoding = 4; lastKnownFileType = sourcecode.swift; path = TaskListViewModel.swift; sourceTree = "<group>"; };
		9AFE7B272EE9513B0049CB65 /* HomeViewModel.swift */ = {isa = PBXFileReference; fileEncoding = 4; lastKnownFileType = sourcecode.swift; path = HomeViewModel.swift; sourceTree = "<group>"; };
		9AFE7B282EE9513B0049CB65 /* TaskDetailViewModel.swift */ = {isa = PBXFileReference; fileEncoding = 4; lastKnownFileType = sourcecode.swift; path = TaskDetailViewModel.swift; sourceTree = "<group>"; };
		9AFE7B292EE9513B0049CB65 /* AuthViewModel.swift */ = {isa = PBXFileReference; fileEncoding = 4; lastKnownFileType = sourcecode.swift; path = AuthViewModel.swift; sourceTree = "<group>"; };
		9AFE7B2A2EE9513B0049CB65 /* AppSessionViewModel.swift */ = {isa = PBXFileReference; fileEncoding = 4; lastKnownFileType = sourcecode.swift; path = AppSessionViewModel.swift; sourceTree = "<group>"; };
		9AFE7B2B2EE9513B0049CB65 /* VoiceInputViewModel.swift */ = {isa = PBXFileReference; fileEncoding = 4; lastKnownFileType = sourcecode.swift; path = VoiceInputViewModel.swift; sourceTree = "<group>"; };
		9AFE7B2D2EE9513B0049CB65 /* UserSettings.swift */ = {isa = PBXFileReference; fileEncoding = 4; lastKnownFileType = sourcecode.swift; path = UserSettings.swift; sourceTree = "<group>"; };
		9AFE7B2E2EE9513B0049CB65 /* ParsedTask.swift */ = {isa = PBXFileReference; fileEncoding = 4; lastKnownFileType = sourcecode.swift; path = ParsedTask.swift; sourceTree = "<group>"; };
		9AFE7B2F2EE9513B0049CB65 /* Task.swift */ = {isa = PBXFileReference; fileEncoding = 4; lastKnownFileType = sourcecode.swift; path = Task.swift; sourceTree = "<group>"; };
		9AFE7B312EE9513B0049CB65 /* MainTabView.swift */ = {isa = PBXFileReference; fileEncoding = 4; lastKnownFileType = sourcecode.swift; path = MainTabView.swift; sourceTree = "<group>"; };
		9AFE7B322EE9513B0049CB65 /* TaskListView.swift */ = {isa = PBXFileReference; fileEncoding = 4; lastKnownFileType = sourcecode.swift; path = TaskListView.swift; sourceTree = "<group>"; };
		9AFE7B332EE9513B0049CB65 /* SettingsView.swift */ = {isa = PBXFileReference; fileEncoding = 4; lastKnownFileType = sourcecode.swift; path = SettingsView.swift; sourceTree = "<group>"; };
		9AFE7B342EE9513B0049CB65 /* AuthRootView.swift */ = {isa = PBXFileReference; fileEncoding = 4; lastKnownFileType = sourcecode.swift; path = AuthRootView.swift; sourceTree = "<group>"; };
		9AFE7B352EE9513B0049CB65 /* LoginView.swift */ = {isa = PBXFileReference; fileEncoding = 4; lastKnownFileType = sourcecode.swift; path = LoginView.swift; sourceTree = "<group>"; };
		9AFE7B362EE9513B0049CB65 /* HomeView.swift */ = {isa = PBXFileReference; fileEncoding = 4; lastKnownFileType = sourcecode.swift; path = HomeView.swift; sourceTree = "<group>"; };
		9AFE7B372EE9513B0049CB65 /* VoiceCaptureView.swift */ = {isa = PBXFileReference; fileEncoding = 4; lastKnownFileType = sourcecode.swift; path = VoiceCaptureView.swift; sourceTree = "<group>"; };
		9AFE7B382EE9513B0049CB65 /* TaskDetailView.swift */ = {isa = PBXFileReference; fileEncoding = 4; lastKnownFileType = sourcecode.swift; path = TaskDetailView.swift; sourceTree = "<group>"; };
		9AFE7B392EE9513B0049CB65 /* RegisterView.swift */ = {isa = PBXFileReference; fileEncoding = 4; lastKnownFileType = sourcecode.swift; path = RegisterView.swift; sourceTree = "<group>"; };
		9AFE7B3B2EE9513B0049CB65 /* EventEditViewControllerRepresentable.swift */ = {isa = PBXFileReference; fileEncoding = 4; lastKnownFileType = sourcecode.swift; path = EventEditViewControllerRepresentable.swift; sourceTree = "<group>"; };
		9AFE7B3D2EE9513B0049CB65 /* TaskRepository.swift */ = {isa = PBXFileReference; fileEncoding = 4; lastKnownFileType = sourcecode.swift; path = TaskRepository.swift; sourceTree = "<group>"; };
		9AFE7B3E2EE9513B0049CB65 /* OpenAIService.swift */ = {isa = PBXFileReference; fileEncoding = 4; lastKnownFileType = sourcecode.swift; path = OpenAIService.swift; sourceTree = "<group>"; };
		9AFE7B3F2EE9513B0049CB65 /* FirebaseAuthService.swift */ = {isa = PBXFileReference; fileEncoding = 4; lastKnownFileType = sourcecode.swift; path = FirebaseAuthService.swift; sourceTree = "<group>"; };
		9AFE7B402EE9513B0049CB65 /* EventKitService.swift */ = {isa = PBXFileReference; fileEncoding = 4; lastKnownFileType = sourcecode.swift; path = EventKitService.swift; sourceTree = "<group>"; };
		9AFE7B412EE9513B0049CB65 /* SpeechService.swift */ = {isa = PBXFileReference; fileEncoding = 4; lastKnownFileType = sourcecode.swift; path = SpeechService.swift; sourceTree = "<group>"; };
		9AFE7B5B2EE952240049CB65 /* OpenAIConfig.swift */ = {isa = PBXFileReference; fileEncoding = 4; lastKnownFileType = sourcecode.swift; path = OpenAIConfig.swift; sourceTree = "<group>"; };
		9AFE7B5D2EE954C00049CB65 /* TAC342-FinalProject-Info.plist */ = {isa = PBXFileReference; lastKnownFileType = text.plist; path = "TAC342-FinalProject-Info.plist"; sourceTree = SOURCE_ROOT; };
/* End PBXFileReference section */

/* Begin PBXFrameworksBuildPhase section */
		9AFE7A742EE93D6D0049CB65 /* Frameworks */ = {
			isa = PBXFrameworksBuildPhase;
			buildActionMask = 2147483647;
			files = (
				9AFE7ABF2EE94B9C0049CB65 /* FirebaseDatabase in Frameworks */,
				9AFE7ABD2EE94B9C0049CB65 /* FirebaseAuth in Frameworks */,
				9AFE7AC12EE94B9C0049CB65 /* FirebaseFirestore in Frameworks */,
			);
			runOnlyForDeploymentPostprocessing = 0;
		};
		9AFE7A842EE93D6F0049CB65 /* Frameworks */ = {
			isa = PBXFrameworksBuildPhase;
			buildActionMask = 2147483647;
			files = (
			);
			runOnlyForDeploymentPostprocessing = 0;
		};
		9AFE7A8E2EE93D6F0049CB65 /* Frameworks */ = {
			isa = PBXFrameworksBuildPhase;
			buildActionMask = 2147483647;
			files = (
			);
			runOnlyForDeploymentPostprocessing = 0;
		};
/* End PBXFrameworksBuildPhase section */

/* Begin PBXGroup section */
		9AFE7A6E2EE93D6D0049CB65 = {
			isa = PBXGroup;
			children = (
				9AFE7A792EE93D6D0049CB65 /* TAC342_FinalProject */,
				9AFE7A8A2EE93D6F0049CB65 /* TAC342_FinalProjectTests */,
				9AFE7A942EE93D6F0049CB65 /* TAC342_FinalProjectUITests */,
				9AFE7A782EE93D6D0049CB65 /* Products */,
			);
			sourceTree = "<group>";
		};
		9AFE7A782EE93D6D0049CB65 /* Products */ = {
			isa = PBXGroup;
			children = (
				9AFE7A772EE93D6D0049CB65 /* TAC342_FinalProject.app */,
				9AFE7A872EE93D6F0049CB65 /* TAC342_FinalProjectTests.xctest */,
				9AFE7A912EE93D6F0049CB65 /* TAC342_FinalProjectUITests.xctest */,
			);
			name = Products;
			sourceTree = "<group>";
		};
		9AFE7A792EE93D6D0049CB65 /* TAC342_FinalProject */ = {
			isa = PBXGroup;
			children = (
				9AFE7B5D2EE954C00049CB65 /* TAC342-FinalProject-Info.plist */,
				9AFE7B5A2EE952240049CB65 /* Config */,
				9AFE7B2C2EE9513B0049CB65 /* Models */,
				9AFE7B3C2EE9513B0049CB65 /* Services */,
				9AFE7B3A2EE9513B0049CB65 /* UIKitBridging */,
				9AFE7B252EE9513B0049CB65 /* ViewModels */,
				9AFE7B302EE9513B0049CB65 /* Views */,
				9AFE7AB82EE949050049CB65 /* GoogleService-Info.plist */,
				9AFE7AA92EE946D40049CB65 /* Assets.xcassets */,
				9AFE7AA52EE946D40049CB65 /* Secrets.plist */,
				9AFE7A7A2EE93D6D0049CB65 /* TAC342_FinalProjectApp.swift */,
			);
			path = TAC342_FinalProject;
			sourceTree = "<group>";
		};
		9AFE7A8A2EE93D6F0049CB65 /* TAC342_FinalProjectTests */ = {
			isa = PBXGroup;
			children = (
				9AFE7A8B2EE93D6F0049CB65 /* TAC342_FinalProjectTests.swift */,
			);
			path = TAC342_FinalProjectTests;
			sourceTree = "<group>";
		};
		9AFE7A942EE93D6F0049CB65 /* TAC342_FinalProjectUITests */ = {
			isa = PBXGroup;
			children = (
				9AFE7A952EE93D6F0049CB65 /* TAC342_FinalProjectUITests.swift */,
				9AFE7A972EE93D6F0049CB65 /* TAC342_FinalProjectUITestsLaunchTests.swift */,
			);
			path = TAC342_FinalProjectUITests;
			sourceTree = "<group>";
		};
		9AFE7B252EE9513B0049CB65 /* ViewModels */ = {
			isa = PBXGroup;
			children = (
				9AFE7B262EE9513B0049CB65 /* TaskListViewModel.swift */,
				9AFE7B272EE9513B0049CB65 /* HomeViewModel.swift */,
				9AFE7B282EE9513B0049CB65 /* TaskDetailViewModel.swift */,
				9AFE7B292EE9513B0049CB65 /* AuthViewModel.swift */,
				9AFE7B2A2EE9513B0049CB65 /* AppSessionViewModel.swift */,
				9AFE7B2B2EE9513B0049CB65 /* VoiceInputViewModel.swift */,
			);
			path = ViewModels;
			sourceTree = "<group>";
		};
		9AFE7B2C2EE9513B0049CB65 /* Models */ = {
			isa = PBXGroup;
			children = (
				9AFE7B2D2EE9513B0049CB65 /* UserSettings.swift */,
				9AFE7B2E2EE9513B0049CB65 /* ParsedTask.swift */,
				9AFE7B2F2EE9513B0049CB65 /* Task.swift */,
			);
			path = Models;
			sourceTree = "<group>";
		};
		9AFE7B302EE9513B0049CB65 /* Views */ = {
			isa = PBXGroup;
			children = (
				9AFE7B312EE9513B0049CB65 /* MainTabView.swift */,
				9AFE7B322EE9513B0049CB65 /* TaskListView.swift */,
				9AFE7B332EE9513B0049CB65 /* SettingsView.swift */,
				9AFE7B342EE9513B0049CB65 /* AuthRootView.swift */,
				9AFE7B352EE9513B0049CB65 /* LoginView.swift */,
				9AFE7B362EE9513B0049CB65 /* HomeView.swift */,
				9AFE7B372EE9513B0049CB65 /* VoiceCaptureView.swift */,
				9AFE7B382EE9513B0049CB65 /* TaskDetailView.swift */,
				9AFE7B392EE9513B0049CB65 /* RegisterView.swift */,
			);
			path = Views;
			sourceTree = "<group>";
		};
		9AFE7B3A2EE9513B0049CB65 /* UIKitBridging */ = {
			isa = PBXGroup;
			children = (
				9AFE7B3B2EE9513B0049CB65 /* EventEditViewControllerRepresentable.swift */,
			);
			path = UIKitBridging;
			sourceTree = "<group>";
		};
		9AFE7B3C2EE9513B0049CB65 /* Services */ = {
			isa = PBXGroup;
			children = (
				9AFE7B3D2EE9513B0049CB65 /* TaskRepository.swift */,
				9AFE7B3E2EE9513B0049CB65 /* OpenAIService.swift */,
				9AFE7B3F2EE9513B0049CB65 /* FirebaseAuthService.swift */,
				9AFE7B402EE9513B0049CB65 /* EventKitService.swift */,
				9AFE7B412EE9513B0049CB65 /* SpeechService.swift */,
			);
			path = Services;
			sourceTree = "<group>";
		};
		9AFE7B5A2EE952240049CB65 /* Config */ = {
			isa = PBXGroup;
			children = (
				9AFE7B5B2EE952240049CB65 /* OpenAIConfig.swift */,
			);
			path = Config;
			sourceTree = "<group>";
		};
/* End PBXGroup section */

/* Begin PBXNativeTarget section */
		9AFE7A762EE93D6D0049CB65 /* TAC342_FinalProject */ = {
			isa = PBXNativeTarget;
			buildConfigurationList = 9AFE7A9B2EE93D6F0049CB65 /* Build configuration list for PBXNativeTarget "TAC342_FinalProject" */;
			buildPhases = (
				9AFE7A732EE93D6D0049CB65 /* Sources */,
				9AFE7A742EE93D6D0049CB65 /* Frameworks */,
				9AFE7A752EE93D6D0049CB65 /* Resources */,
			);
			buildRules = (
			);
			dependencies = (
			);
			name = TAC342_FinalProject;
			packageProductDependencies = (
				9AFE7ABC2EE94B9C0049CB65 /* FirebaseAuth */,
				9AFE7ABE2EE94B9C0049CB65 /* FirebaseDatabase */,
				9AFE7AC02EE94B9C0049CB65 /* FirebaseFirestore */,
			);
			productName = TAC342_FinalProject;
			productReference = 9AFE7A772EE93D6D0049CB65 /* TAC342_FinalProject.app */;
			productType = "com.apple.product-type.application";
		};
		9AFE7A862EE93D6F0049CB65 /* TAC342_FinalProjectTests */ = {
			isa = PBXNativeTarget;
			buildConfigurationList = 9AFE7A9E2EE93D6F0049CB65 /* Build configuration list for PBXNativeTarget "TAC342_FinalProjectTests" */;
			buildPhases = (
				9AFE7A832EE93D6F0049CB65 /* Sources */,
				9AFE7A842EE93D6F0049CB65 /* Frameworks */,
				9AFE7A852EE93D6F0049CB65 /* Resources */,
			);
			buildRules = (
			);
			dependencies = (
				9AFE7A892EE93D6F0049CB65 /* PBXTargetDependency */,
			);
			name = TAC342_FinalProjectTests;
			productName = TAC342_FinalProjectTests;
			productReference = 9AFE7A872EE93D6F0049CB65 /* TAC342_FinalProjectTests.xctest */;
			productType = "com.apple.product-type.bundle.unit-test";
		};
		9AFE7A902EE93D6F0049CB65 /* TAC342_FinalProjectUITests */ = {
			isa = PBXNativeTarget;
			buildConfigurationList = 9AFE7AA12EE93D6F0049CB65 /* Build configuration list for PBXNativeTarget "TAC342_FinalProjectUITests" */;
			buildPhases = (
				9AFE7A8D2EE93D6F0049CB65 /* Sources */,
				9AFE7A8E2EE93D6F0049CB65 /* Frameworks */,
				9AFE7A8F2EE93D6F0049CB65 /* Resources */,
			);
			buildRules = (
			);
			dependencies = (
				9AFE7A932EE93D6F0049CB65 /* PBXTargetDependency */,
			);
			name = TAC342_FinalProjectUITests;
			productName = TAC342_FinalProjectUITests;
			productReference = 9AFE7A912EE93D6F0049CB65 /* TAC342_FinalProjectUITests.xctest */;
			productType = "com.apple.product-type.bundle.ui-testing";
		};
/* End PBXNativeTarget section */

/* Begin PBXProject section */
		9AFE7A6F2EE93D6D0049CB65 /* Project object */ = {
			isa = PBXProject;
			attributes = {
				BuildIndependentTargetsInParallel = 1;
				LastSwiftUpdateCheck = 1520;
				LastUpgradeCheck = 1520;
				TargetAttributes = {
					9AFE7A762EE93D6D0049CB65 = {
						CreatedOnToolsVersion = 15.2;
					};
					9AFE7A862EE93D6F0049CB65 = {
						CreatedOnToolsVersion = 15.2;
						TestTargetID = 9AFE7A762EE93D6D0049CB65;
					};
					9AFE7A902EE93D6F0049CB65 = {
						CreatedOnToolsVersion = 15.2;
						TestTargetID = 9AFE7A762EE93D6D0049CB65;
					};
				};
			};
			buildConfigurationList = 9AFE7A722EE93D6D0049CB65 /* Build configuration list for PBXProject "TAC342_FinalProject" */;
			compatibilityVersion = "Xcode 14.0";
			developmentRegion = en;
			hasScannedForEncodings = 0;
			knownRegions = (
				en,
				Base,
			);
			mainGroup = 9AFE7A6E2EE93D6D0049CB65;
			packageReferences = (
				9AFE7ABB2EE94B9C0049CB65 /* XCRemoteSwiftPackageReference "firebase-ios-sdk" */,
			);
			productRefGroup = 9AFE7A782EE93D6D0049CB65 /* Products */;
			projectDirPath = "";
			projectRoot = "";
			targets = (
				9AFE7A762EE93D6D0049CB65 /* TAC342_FinalProject */,
				9AFE7A862EE93D6F0049CB65 /* TAC342_FinalProjectTests */,
				9AFE7A902EE93D6F0049CB65 /* TAC342_FinalProjectUITests */,
			);
		};
/* End PBXProject section */

/* Begin PBXResourcesBuildPhase section */
		9AFE7A752EE93D6D0049CB65 /* Resources */ = {
			isa = PBXResourcesBuildPhase;
			buildActionMask = 2147483647;
			files = (
				9AFE7AAD2EE946D40049CB65 /* Secrets.plist in Resources */,
				9AFE7AB12EE946D40049CB65 /* Assets.xcassets in Resources */,
				9AFE7AB92EE949050049CB65 /* GoogleService-Info.plist in Resources */,
			);
			runOnlyForDeploymentPostprocessing = 0;
		};
		9AFE7A852EE93D6F0049CB65 /* Resources */ = {
			isa = PBXResourcesBuildPhase;
			buildActionMask = 2147483647;
			files = (
			);
			runOnlyForDeploymentPostprocessing = 0;
		};
		9AFE7A8F2EE93D6F0049CB65 /* Resources */ = {
			isa = PBXResourcesBuildPhase;
			buildActionMask = 2147483647;
			files = (
			);
			runOnlyForDeploymentPostprocessing = 0;
		};
/* End PBXResourcesBuildPhase section */

/* Begin PBXSourcesBuildPhase section */
		9AFE7A732EE93D6D0049CB65 /* Sources */ = {
			isa = PBXSourcesBuildPhase;
			buildActionMask = 2147483647;
			files = (
				9AFE7B452EE9513B0049CB65 /* AuthViewModel.swift in Sources */,
				9AFE7B472EE9513B0049CB65 /* VoiceInputViewModel.swift in Sources */,
				9AFE7B4A2EE9513B0049CB65 /* Task.swift in Sources */,
				9AFE7B4F2EE9513B0049CB65 /* LoginView.swift in Sources */,
				9AFE7A7B2EE93D6D0049CB65 /* TAC342_FinalProjectApp.swift in Sources */,
				9AFE7B492EE9513B0049CB65 /* ParsedTask.swift in Sources */,
				9AFE7B552EE9513B0049CB65 /* TaskRepository.swift in Sources */,
				9AFE7B572EE9513B0049CB65 /* FirebaseAuthService.swift in Sources */,
				9AFE7B4B2EE9513B0049CB65 /* MainTabView.swift in Sources */,
				9AFE7B432EE9513B0049CB65 /* HomeViewModel.swift in Sources */,
				9AFE7B532EE9513B0049CB65 /* RegisterView.swift in Sources */,
				9AFE7B582EE9513B0049CB65 /* EventKitService.swift in Sources */,
				9AFE7B522EE9513B0049CB65 /* TaskDetailView.swift in Sources */,
				9AFE7B462EE9513B0049CB65 /* AppSessionViewModel.swift in Sources */,
				9AFE7B512EE9513B0049CB65 /* VoiceCaptureView.swift in Sources */,
				9AFE7B4E2EE9513B0049CB65 /* AuthRootView.swift in Sources */,
				9AFE7B482EE9513B0049CB65 /* UserSettings.swift in Sources */,
				9AFE7B442EE9513B0049CB65 /* TaskDetailViewModel.swift in Sources */,
				9AFE7B422EE9513B0049CB65 /* TaskListViewModel.swift in Sources */,
				9AFE7B562EE9513B0049CB65 /* OpenAIService.swift in Sources */,
				9AFE7B542EE9513B0049CB65 /* EventEditViewControllerRepresentable.swift in Sources */,
				9AFE7B502EE9513B0049CB65 /* HomeView.swift in Sources */,
				9AFE7B592EE9513B0049CB65 /* SpeechService.swift in Sources */,
				9AFE7B5C2EE952240049CB65 /* OpenAIConfig.swift in Sources */,
				9AFE7B4C2EE9513B0049CB65 /* TaskListView.swift in Sources */,
				9AFE7B4D2EE9513B0049CB65 /* SettingsView.swift in Sources */,
			);
			runOnlyForDeploymentPostprocessing = 0;
		};
		9AFE7A832EE93D6F0049CB65 /* Sources */ = {
			isa = PBXSourcesBuildPhase;
			buildActionMask = 2147483647;
			files = (
				9AFE7A8C2EE93D6F0049CB65 /* TAC342_FinalProjectTests.swift in Sources */,
			);
			runOnlyForDeploymentPostprocessing = 0;
		};
		9AFE7A8D2EE93D6F0049CB65 /* Sources */ = {
			isa = PBXSourcesBuildPhase;
			buildActionMask = 2147483647;
			files = (
				9AFE7A982EE93D6F0049CB65 /* TAC342_FinalProjectUITestsLaunchTests.swift in Sources */,
				9AFE7A962EE93D6F0049CB65 /* TAC342_FinalProjectUITests.swift in Sources */,
			);
			runOnlyForDeploymentPostprocessing = 0;
		};
/* End PBXSourcesBuildPhase section */

/* Begin PBXTargetDependency section */
		9AFE7A892EE93D6F0049CB65 /* PBXTargetDependency */ = {
			isa = PBXTargetDependency;
			target = 9AFE7A762EE93D6D0049CB65 /* TAC342_FinalProject */;
			targetProxy = 9AFE7A882EE93D6F0049CB65 /* PBXContainerItemProxy */;
		};
		9AFE7A932EE93D6F0049CB65 /* PBXTargetDependency */ = {
			isa = PBXTargetDependency;
			target = 9AFE7A762EE93D6D0049CB65 /* TAC342_FinalProject */;
			targetProxy = 9AFE7A922EE93D6F0049CB65 /* PBXContainerItemProxy */;
		};
/* End PBXTargetDependency section */

/* Begin XCBuildConfiguration section */
		9AFE7A992EE93D6F0049CB65 /* Debug */ = {
			isa = XCBuildConfiguration;
			buildSettings = {
				ALWAYS_SEARCH_USER_PATHS = NO;
				ASSETCATALOG_COMPILER_GENERATE_SWIFT_ASSET_SYMBOL_EXTENSIONS = YES;
				CLANG_ANALYZER_NONNULL = YES;
				CLANG_ANALYZER_NUMBER_OBJECT_CONVERSION = YES_AGGRESSIVE;
				CLANG_CXX_LANGUAGE_STANDARD = "gnu++20";
				CLANG_ENABLE_MODULES = YES;
				CLANG_ENABLE_OBJC_ARC = YES;
				CLANG_ENABLE_OBJC_WEAK = YES;
				CLANG_WARN_BLOCK_CAPTURE_AUTORELEASING = YES;
				CLANG_WARN_BOOL_CONVERSION = YES;
				CLANG_WARN_COMMA = YES;
				CLANG_WARN_CONSTANT_CONVERSION = YES;
				CLANG_WARN_DEPRECATED_OBJC_IMPLEMENTATIONS = YES;
				CLANG_WARN_DIRECT_OBJC_ISA_USAGE = YES_ERROR;
				CLANG_WARN_DOCUMENTATION_COMMENTS = YES;
				CLANG_WARN_EMPTY_BODY = YES;
				CLANG_WARN_ENUM_CONVERSION = YES;
				CLANG_WARN_INFINITE_RECURSION = YES;
				CLANG_WARN_INT_CONVERSION = YES;
				CLANG_WARN_NON_LITERAL_NULL_CONVERSION = YES;
				CLANG_WARN_OBJC_IMPLICIT_RETAIN_SELF = YES;
				CLANG_WARN_OBJC_LITERAL_CONVERSION = YES;
				CLANG_WARN_OBJC_ROOT_CLASS = YES_ERROR;
				CLANG_WARN_QUOTED_INCLUDE_IN_FRAMEWORK_HEADER = YES;
				CLANG_WARN_RANGE_LOOP_ANALYSIS = YES;
				CLANG_WARN_STRICT_PROTOTYPES = YES;
				CLANG_WARN_SUSPICIOUS_MOVE = YES;
				CLANG_WARN_UNGUARDED_AVAILABILITY = YES_AGGRESSIVE;
				CLANG_WARN_UNREACHABLE_CODE = YES;
				CLANG_WARN__DUPLICATE_METHOD_MATCH = YES;
				COPY_PHASE_STRIP = NO;
				DEBUG_INFORMATION_FORMAT = dwarf;
				ENABLE_STRICT_OBJC_MSGSEND = YES;
				ENABLE_TESTABILITY = YES;
				ENABLE_USER_SCRIPT_SANDBOXING = YES;
				GCC_C_LANGUAGE_STANDARD = gnu17;
				GCC_DYNAMIC_NO_PIC = NO;
				GCC_NO_COMMON_BLOCKS = YES;
				GCC_OPTIMIZATION_LEVEL = 0;
				GCC_PREPROCESSOR_DEFINITIONS = (
					"DEBUG=1",
					"$(inherited)",
				);
				GCC_WARN_64_TO_32_BIT_CONVERSION = YES;
				GCC_WARN_ABOUT_RETURN_TYPE = YES_ERROR;
				GCC_WARN_UNDECLARED_SELECTOR = YES;
				GCC_WARN_UNINITIALIZED_AUTOS = YES_AGGRESSIVE;
				GCC_WARN_UNUSED_FUNCTION = YES;
				GCC_WARN_UNUSED_VARIABLE = YES;
				IPHONEOS_DEPLOYMENT_TARGET = 17.2;
				LOCALIZATION_PREFERS_STRING_CATALOGS = YES;
				MTL_ENABLE_DEBUG_INFO = INCLUDE_SOURCE;
				MTL_FAST_MATH = YES;
				ONLY_ACTIVE_ARCH = YES;
				SDKROOT = iphoneos;
				SWIFT_ACTIVE_COMPILATION_CONDITIONS = "DEBUG $(inherited)";
				SWIFT_OPTIMIZATION_LEVEL = "-Onone";
			};
			name = Debug;
		};
		9AFE7A9A2EE93D6F0049CB65 /* Release */ = {
			isa = XCBuildConfiguration;
			buildSettings = {
				ALWAYS_SEARCH_USER_PATHS = NO;
				ASSETCATALOG_COMPILER_GENERATE_SWIFT_ASSET_SYMBOL_EXTENSIONS = YES;
				CLANG_ANALYZER_NONNULL = YES;
				CLANG_ANALYZER_NUMBER_OBJECT_CONVERSION = YES_AGGRESSIVE;
				CLANG_CXX_LANGUAGE_STANDARD = "gnu++20";
				CLANG_ENABLE_MODULES = YES;
				CLANG_ENABLE_OBJC_ARC = YES;
				CLANG_ENABLE_OBJC_WEAK = YES;
				CLANG_WARN_BLOCK_CAPTURE_AUTORELEASING = YES;
				CLANG_WARN_BOOL_CONVERSION = YES;
				CLANG_WARN_COMMA = YES;
				CLANG_WARN_CONSTANT_CONVERSION = YES;
				CLANG_WARN_DEPRECATED_OBJC_IMPLEMENTATIONS = YES;
				CLANG_WARN_DIRECT_OBJC_ISA_USAGE = YES_ERROR;
				CLANG_WARN_DOCUMENTATION_COMMENTS = YES;
				CLANG_WARN_EMPTY_BODY = YES;
				CLANG_WARN_ENUM_CONVERSION = YES;
				CLANG_WARN_INFINITE_RECURSION = YES;
				CLANG_WARN_INT_CONVERSION = YES;
				CLANG_WARN_NON_LITERAL_NULL_CONVERSION = YES;
				CLANG_WARN_OBJC_IMPLICIT_RETAIN_SELF = YES;
				CLANG_WARN_OBJC_LITERAL_CONVERSION = YES;
				CLANG_WARN_OBJC_ROOT_CLASS = YES_ERROR;
				CLANG_WARN_QUOTED_INCLUDE_IN_FRAMEWORK_HEADER = YES;
				CLANG_WARN_RANGE_LOOP_ANALYSIS = YES;
				CLANG_WARN_STRICT_PROTOTYPES = YES;
				CLANG_WARN_SUSPICIOUS_MOVE = YES;
				CLANG_WARN_UNGUARDED_AVAILABILITY = YES_AGGRESSIVE;
				CLANG_WARN_UNREACHABLE_CODE = YES;
				CLANG_WARN__DUPLICATE_METHOD_MATCH = YES;
				COPY_PHASE_STRIP = NO;
				DEBUG_INFORMATION_FORMAT = "dwarf-with-dsym";
				ENABLE_NS_ASSERTIONS = NO;
				ENABLE_STRICT_OBJC_MSGSEND = YES;
				ENABLE_USER_SCRIPT_SANDBOXING = YES;
				GCC_C_LANGUAGE_STANDARD = gnu17;
				GCC_NO_COMMON_BLOCKS = YES;
				GCC_WARN_64_TO_32_BIT_CONVERSION = YES;
				GCC_WARN_ABOUT_RETURN_TYPE = YES_ERROR;
				GCC_WARN_UNDECLARED_SELECTOR = YES;
				GCC_WARN_UNINITIALIZED_AUTOS = YES_AGGRESSIVE;
				GCC_WARN_UNUSED_FUNCTION = YES;
				GCC_WARN_UNUSED_VARIABLE = YES;
				IPHONEOS_DEPLOYMENT_TARGET = 17.2;
				LOCALIZATION_PREFERS_STRING_CATALOGS = YES;
				MTL_ENABLE_DEBUG_INFO = NO;
				MTL_FAST_MATH = YES;
				SDKROOT = iphoneos;
				SWIFT_COMPILATION_MODE = wholemodule;
				VALIDATE_PRODUCT = YES;
			};
			name = Release;
		};
		9AFE7A9C2EE93D6F0049CB65 /* Debug */ = {
			isa = XCBuildConfiguration;
			buildSettings = {
				ASSETCATALOG_COMPILER_APPICON_NAME = AppIcon;
				ASSETCATALOG_COMPILER_GLOBAL_ACCENT_COLOR_NAME = AccentColor;
				CODE_SIGN_STYLE = Automatic;
				CURRENT_PROJECT_VERSION = 1;
				DEVELOPMENT_ASSET_PATHS = "";
				ENABLE_PREVIEWS = YES;
				GENERATE_INFOPLIST_FILE = YES;
				INFOPLIST_FILE = "TAC342-FinalProject-Info.plist";
				INFOPLIST_KEY_CFBundleDisplayName = TaskTeller;
				INFOPLIST_KEY_LSApplicationCategoryType = "";
				INFOPLIST_KEY_NSCalendarsUsageDescription = "TaskTeller needs calendar access to show your events and add tasks to your calendar.";
				INFOPLIST_KEY_NSMicrophoneUsageDescription = "TaskTeller needs microphone access to record your voice for speech-to-text.";
				INFOPLIST_KEY_NSSpeechRecognitionUsageDescription = "TaskTeller uses speech recognition to convert your voice into tasks.";
				INFOPLIST_KEY_UIApplicationSceneManifest_Generation = YES;
				INFOPLIST_KEY_UIApplicationSupportsIndirectInputEvents = YES;
				INFOPLIST_KEY_UILaunchScreen_Generation = YES;
				INFOPLIST_KEY_UISupportedInterfaceOrientations_iPad = "UIInterfaceOrientationPortrait UIInterfaceOrientationPortraitUpsideDown UIInterfaceOrientationLandscapeLeft UIInterfaceOrientationLandscapeRight";
				INFOPLIST_KEY_UISupportedInterfaceOrientations_iPhone = "UIInterfaceOrientationPortrait UIInterfaceOrientationLandscapeLeft UIInterfaceOrientationLandscapeRight";
				LD_RUNPATH_SEARCH_PATHS = (
					"$(inherited)",
					"@executable_path/Frameworks",
				);
				MARKETING_VERSION = 1.0;
				PRODUCT_BUNDLE_IDENTIFIER = "edu.usc.TAC342-FinalProject";
				PRODUCT_NAME = "$(TARGET_NAME)";
				SWIFT_EMIT_LOC_STRINGS = YES;
				SWIFT_VERSION = 5.0;
				TARGETED_DEVICE_FAMILY = "1,2";
			};
			name = Debug;
		};
		9AFE7A9D2EE93D6F0049CB65 /* Release */ = {
			isa = XCBuildConfiguration;
			buildSettings = {
				ASSETCATALOG_COMPILER_APPICON_NAME = AppIcon;
				ASSETCATALOG_COMPILER_GLOBAL_ACCENT_COLOR_NAME = AccentColor;
				CODE_SIGN_STYLE = Automatic;
				CURRENT_PROJECT_VERSION = 1;
				DEVELOPMENT_ASSET_PATHS = "";
				ENABLE_PREVIEWS = YES;
				GENERATE_INFOPLIST_FILE = YES;
				INFOPLIST_FILE = "TAC342-FinalProject-Info.plist";
				INFOPLIST_KEY_CFBundleDisplayName = TaskTeller;
				INFOPLIST_KEY_LSApplicationCategoryType = "";
				INFOPLIST_KEY_NSCalendarsUsageDescription = "TaskTeller needs calendar access to show your events and add tasks to your calendar.";
				INFOPLIST_KEY_NSMicrophoneUsageDescription = "TaskTeller needs microphone access to record your voice for speech-to-text.";
				INFOPLIST_KEY_NSSpeechRecognitionUsageDescription = "TaskTeller uses speech recognition to convert your voice into tasks.";
				INFOPLIST_KEY_UIApplicationSceneManifest_Generation = YES;
				INFOPLIST_KEY_UIApplicationSupportsIndirectInputEvents = YES;
				INFOPLIST_KEY_UILaunchScreen_Generation = YES;
				INFOPLIST_KEY_UISupportedInterfaceOrientations_iPad = "UIInterfaceOrientationPortrait UIInterfaceOrientationPortraitUpsideDown UIInterfaceOrientationLandscapeLeft UIInterfaceOrientationLandscapeRight";
				INFOPLIST_KEY_UISupportedInterfaceOrientations_iPhone = "UIInterfaceOrientationPortrait UIInterfaceOrientationLandscapeLeft UIInterfaceOrientationLandscapeRight";
				LD_RUNPATH_SEARCH_PATHS = (
					"$(inherited)",
					"@executable_path/Frameworks",
				);
				MARKETING_VERSION = 1.0;
				PRODUCT_BUNDLE_IDENTIFIER = "edu.usc.TAC342-FinalProject";
				PRODUCT_NAME = "$(TARGET_NAME)";
				SWIFT_EMIT_LOC_STRINGS = YES;
				SWIFT_VERSION = 5.0;
				TARGETED_DEVICE_FAMILY = "1,2";
			};
			name = Release;
		};
		9AFE7A9F2EE93D6F0049CB65 /* Debug */ = {
			isa = XCBuildConfiguration;
			buildSettings = {
				ALWAYS_EMBED_SWIFT_STANDARD_LIBRARIES = YES;
				BUNDLE_LOADER = "$(TEST_HOST)";
				CODE_SIGN_STYLE = Automatic;
				CURRENT_PROJECT_VERSION = 1;
				GENERATE_INFOPLIST_FILE = YES;
				IPHONEOS_DEPLOYMENT_TARGET = 17.2;
				MARKETING_VERSION = 1.0;
				PRODUCT_BUNDLE_IDENTIFIER = "edu.usc.TAC342-FinalProjectTests";
				PRODUCT_NAME = "$(TARGET_NAME)";
				SWIFT_EMIT_LOC_STRINGS = NO;
				SWIFT_VERSION = 5.0;
				TARGETED_DEVICE_FAMILY = "1,2";
				TEST_HOST = "$(BUILT_PRODUCTS_DIR)/TAC342_FinalProject.app/$(BUNDLE_EXECUTABLE_FOLDER_PATH)/TAC342_FinalProject";
			};
			name = Debug;
		};
		9AFE7AA02EE93D6F0049CB65 /* Release */ = {
			isa = XCBuildConfiguration;
			buildSettings = {
				ALWAYS_EMBED_SWIFT_STANDARD_LIBRARIES = YES;
				BUNDLE_LOADER = "$(TEST_HOST)";
				CODE_SIGN_STYLE = Automatic;
				CURRENT_PROJECT_VERSION = 1;
				GENERATE_INFOPLIST_FILE = YES;
				IPHONEOS_DEPLOYMENT_TARGET = 17.2;
				MARKETING_VERSION = 1.0;
				PRODUCT_BUNDLE_IDENTIFIER = "edu.usc.TAC342-FinalProjectTests";
				PRODUCT_NAME = "$(TARGET_NAME)";
				SWIFT_EMIT_LOC_STRINGS = NO;
				SWIFT_VERSION = 5.0;
				TARGETED_DEVICE_FAMILY = "1,2";
				TEST_HOST = "$(BUILT_PRODUCTS_DIR)/TAC342_FinalProject.app/$(BUNDLE_EXECUTABLE_FOLDER_PATH)/TAC342_FinalProject";
			};
			name = Release;
		};
		9AFE7AA22EE93D6F0049CB65 /* Debug */ = {
			isa = XCBuildConfiguration;
			buildSettings = {
				ALWAYS_EMBED_SWIFT_STANDARD_LIBRARIES = YES;
				CODE_SIGN_STYLE = Automatic;
				CURRENT_PROJECT_VERSION = 1;
				GENERATE_INFOPLIST_FILE = YES;
				MARKETING_VERSION = 1.0;
				PRODUCT_BUNDLE_IDENTIFIER = "edu.usc.TAC342-FinalProjectUITests";
				PRODUCT_NAME = "$(TARGET_NAME)";
				SWIFT_EMIT_LOC_STRINGS = NO;
				SWIFT_VERSION = 5.0;
				TARGETED_DEVICE_FAMILY = "1,2";
				TEST_TARGET_NAME = TAC342_FinalProject;
			};
			name = Debug;
		};
		9AFE7AA32EE93D6F0049CB65 /* Release */ = {
			isa = XCBuildConfiguration;
			buildSettings = {
				ALWAYS_EMBED_SWIFT_STANDARD_LIBRARIES = YES;
				CODE_SIGN_STYLE = Automatic;
				CURRENT_PROJECT_VERSION = 1;
				GENERATE_INFOPLIST_FILE = YES;
				MARKETING_VERSION = 1.0;
				PRODUCT_BUNDLE_IDENTIFIER = "edu.usc.TAC342-FinalProjectUITests";
				PRODUCT_NAME = "$(TARGET_NAME)";
				SWIFT_EMIT_LOC_STRINGS = NO;
				SWIFT_VERSION = 5.0;
				TARGETED_DEVICE_FAMILY = "1,2";
				TEST_TARGET_NAME = TAC342_FinalProject;
			};
			name = Release;
		};
/* End XCBuildConfiguration section */

/* Begin XCConfigurationList section */
		9AFE7A722EE93D6D0049CB65 /* Build configuration list for PBXProject "TAC342_FinalProject" */ = {
			isa = XCConfigurationList;
			buildConfigurations = (
				9AFE7A992EE93D6F0049CB65 /* Debug */,
				9AFE7A9A2EE93D6F0049CB65 /* Release */,
			);
			defaultConfigurationIsVisible = 0;
			defaultConfigurationName = Release;
		};
		9AFE7A9B2EE93D6F0049CB65 /* Build configuration list for PBXNativeTarget "TAC342_FinalProject" */ = {
			isa = XCConfigurationList;
			buildConfigurations = (
				9AFE7A9C2EE93D6F0049CB65 /* Debug */,
				9AFE7A9D2EE93D6F0049CB65 /* Release */,
			);
			defaultConfigurationIsVisible = 0;
			defaultConfigurationName = Release;
		};
		9AFE7A9E2EE93D6F0049CB65 /* Build configuration list for PBXNativeTarget "TAC342_FinalProjectTests" */ = {
			isa = XCConfigurationList;
			buildConfigurations = (
				9AFE7A9F2EE93D6F0049CB65 /* Debug */,
				9AFE7AA02EE93D6F0049CB65 /* Release */,
			);
			defaultConfigurationIsVisible = 0;
			defaultConfigurationName = Release;
		};
		9AFE7AA12EE93D6F0049CB65 /* Build configuration list for PBXNativeTarget "TAC342_FinalProjectUITests" */ = {
			isa = XCConfigurationList;
			buildConfigurations = (
				9AFE7AA22EE93D6F0049CB65 /* Debug */,
				9AFE7AA32EE93D6F0049CB65 /* Release */,
			);
			defaultConfigurationIsVisible = 0;
			defaultConfigurationName = Release;
		};
/* End XCConfigurationList section */

/* Begin XCRemoteSwiftPackageReference section */
		9AFE7ABB2EE94B9C0049CB65 /* XCRemoteSwiftPackageReference "firebase-ios-sdk" */ = {
			isa = XCRemoteSwiftPackageReference;
			repositoryURL = "https://github.com/firebase/firebase-ios-sdk";
			requirement = {
				kind = upToNextMajorVersion;
				minimumVersion = 10.29.0;
			};
		};
/* End XCRemoteSwiftPackageReference section */

/* Begin XCSwiftPackageProductDependency section */
		9AFE7ABC2EE94B9C0049CB65 /* FirebaseAuth */ = {
			isa = XCSwiftPackageProductDependency;
			package = 9AFE7ABB2EE94B9C0049CB65 /* XCRemoteSwiftPackageReference "firebase-ios-sdk" */;
			productName = FirebaseAuth;
		};
		9AFE7ABE2EE94B9C0049CB65 /* FirebaseDatabase */ = {
			isa = XCSwiftPackageProductDependency;
			package = 9AFE7ABB2EE94B9C0049CB65 /* XCRemoteSwiftPackageReference "firebase-ios-sdk" */;
			productName = FirebaseDatabase;
		};
		9AFE7AC02EE94B9C0049CB65 /* FirebaseFirestore */ = {
			isa = XCSwiftPackageProductDependency;
			package = 9AFE7ABB2EE94B9C0049CB65 /* XCRemoteSwiftPackageReference "firebase-ios-sdk" */;
			productName = FirebaseFirestore;
		};
/* End XCSwiftPackageProductDependency section */
	};
	rootObject = 9AFE7A6F2EE93D6D0049CB65 /* Project object */;
}
